
Microsoft Visual Studio Solution File, Format Version 12.00
# Visual Studio Version 17
VisualStudioVersion = 17.4.33122.133
MinimumVisualStudioVersion = 10.0.40219.1
Project("{FAE04EC0-301F-11D3-BF4B-00C04F79EFBC}") = "QuizWithDatabase", "QuizWithDatabase.csproj", "{F571D298-1936-495D-97CB-557899307FA6}"
EndProject
Global
	GlobalSection(SolutionConfigurationPlatforms) = preSolution
		Debug|Any CPU = Debug|Any CPU
		Release|Any CPU = Release|Any CPU
	EndGlobalSection
	GlobalSection(ProjectConfigurationPlatforms) = postSolution
		{F571D298-1936-495D-97CB-557899307FA6}.Debug|Any CPU.ActiveCfg = Debug|Any CPU
		{F571D298-1936-495D-97CB-557899307FA6}.Debug|Any CPU.Build.0 = Debug|Any CPU
		{F571D298-1936-495D-97CB-557899307FA6}.Release|Any CPU.ActiveCfg = Release|Any CPU
		{F571D298-1936-495D-97CB-557899307FA6}.Release|Any CPU.Build.0 = Release|Any CPU
	EndGlobalSection
	GlobalSection(SolutionProperties) = preSolution
		HideSolutionNode = FALSE
	EndGlobalSection
	GlobalSection(ExtensibilityGlobals) = postSolution
		SolutionGuid = {48BA8E60-CB29-4063-A28E-FC36511AABB6}
	EndGlobalSection
EndGlobal
